
Microsoft Visual Studio Solution File, Format Version 12.00
# 
Project("{FAE04EC0-301F-11D3-BF4B-00C04F79EFBC}") = "MekForge.Core", "src\MekForge.Core\MekForge.Core.csproj", "{28103209-9AB0-4456-8CD3-5FBA1FE477D6}"
EndProject
Project("{2150E333-8FDC-42A3-9474-1A3956D46DE8}") = "MekForge.Avalonia", "MekForge.Avalonia", "{E9EF5D46-32F6-4656-93DB-04EF916A0619}"
EndProject
Project("{FAE04EC0-301F-11D3-BF4B-00C04F79EFBC}") = "MekForge.Avalonia", "src\MekForge.Avalonia\MekForge.Avalonia\MekForge.Avalonia.csproj", "{55F67370-27C7-4688-9ACD-74C829CA9F2A}"
EndProject
Project("{FAE04EC0-301F-11D3-BF4B-00C04F79EFBC}") = "MekForge.Avalonia.Android", "src\MekForge.Avalonia\MekForge.Avalonia.Android\MekForge.Avalonia.Android.csproj", "{98F78C75-BB1E-49D5-B2DB-2638FC7C9D41}"
EndProject
Project("{FAE04EC0-301F-11D3-BF4B-00C04F79EFBC}") = "MekForge.Avalonia.Desktop", "src\MekForge.Avalonia\MekForge.Avalonia.Desktop\MekForge.Avalonia.Desktop.csproj", "{F30ED18D-9CB6-4138-9E7E-28E55140602D}"
EndProject
Project("{FAE04EC0-301F-11D3-BF4B-00C04F79EFBC}") = "MekForge.Avalonia.iOS", "src\MekForge.Avalonia\MekForge.Avalonia.iOS\MekForge.Avalonia.iOS.csproj", "{DE29CBE8-64BD-4A7D-81E8-5388ACB95F6A}"
EndProject
Project("{FAE04EC0-301F-11D3-BF4B-00C04F79EFBC}") = "MekForge.Avalonia.Browser", "src\MekForge.Avalonia\MekForge.Avalonia.Browser\MekForge.Avalonia.Browser.csproj", "{75CA1562-F172-48F7-8BBD-DC0D023D2C3E}"
EndProject
Project("{2150E333-8FDC-42A3-9474-1A3956D46DE8}") = "tests", "tests", "{494EAB2B-4CF4-4B88-B85F-3F1E3B6E15A3}"
EndProject
Project("{FAE04EC0-301F-11D3-BF4B-00C04F79EFBC}") = "MekForge.Core.Tests", "tests\MekForge.Core.Tests\MekForge.Core.Tests.csproj", "{28F2DCC0-CC79-439C-8885-C96E216E24CF}"
EndProject
Project("{FAE04EC0-301F-11D3-BF4B-00C04F79EFBC}") = "MekForge.Avalonia.Tests", "tests\MekForge.Avalonia.Tests\MekForge.Avalonia.Tests.csproj", "{881789A6-AE83-4E4E-9904-2742B1D94593}"
EndProject
Global
	GlobalSection(SolutionConfigurationPlatforms) = preSolution
		Debug|Any CPU = Debug|Any CPU
		Release|Any CPU = Release|Any CPU
	EndGlobalSection
	GlobalSection(ProjectConfigurationPlatforms) = postSolution
		{28103209-9AB0-4456-8CD3-5FBA1FE477D6}.Debug|Any CPU.ActiveCfg = Debug|Any CPU
		{28103209-9AB0-4456-8CD3-5FBA1FE477D6}.Debug|Any CPU.Build.0 = Debug|Any CPU
		{28103209-9AB0-4456-8CD3-5FBA1FE477D6}.Release|Any CPU.ActiveCfg = Release|Any CPU
		{28103209-9AB0-4456-8CD3-5FBA1FE477D6}.Release|Any CPU.Build.0 = Release|Any CPU
		{55F67370-27C7-4688-9ACD-74C829CA9F2A}.Debug|Any CPU.ActiveCfg = Debug|Any CPU
		{55F67370-27C7-4688-9ACD-74C829CA9F2A}.Debug|Any CPU.Build.0 = Debug|Any CPU
		{55F67370-27C7-4688-9ACD-74C829CA9F2A}.Release|Any CPU.ActiveCfg = Release|Any CPU
		{55F67370-27C7-4688-9ACD-74C829CA9F2A}.Release|Any CPU.Build.0 = Release|Any CPU
		{98F78C75-BB1E-49D5-B2DB-2638FC7C9D41}.Debug|Any CPU.ActiveCfg = Debug|Any CPU
		{98F78C75-BB1E-49D5-B2DB-2638FC7C9D41}.Debug|Any CPU.Build.0 = Debug|Any CPU
		{98F78C75-BB1E-49D5-B2DB-2638FC7C9D41}.Release|Any CPU.ActiveCfg = Release|Any CPU
		{98F78C75-BB1E-49D5-B2DB-2638FC7C9D41}.Release|Any CPU.Build.0 = Release|Any CPU
		{F30ED18D-9CB6-4138-9E7E-28E55140602D}.Debug|Any CPU.ActiveCfg = Debug|Any CPU
		{F30ED18D-9CB6-4138-9E7E-28E55140602D}.Debug|Any CPU.Build.0 = Debug|Any CPU
		{F30ED18D-9CB6-4138-9E7E-28E55140602D}.Release|Any CPU.ActiveCfg = Release|Any CPU
		{F30ED18D-9CB6-4138-9E7E-28E55140602D}.Release|Any CPU.Build.0 = Release|Any CPU
		{DE29CBE8-64BD-4A7D-81E8-5388ACB95F6A}.Debug|Any CPU.ActiveCfg = Debug|Any CPU
		{DE29CBE8-64BD-4A7D-81E8-5388ACB95F6A}.Debug|Any CPU.Build.0 = Debug|Any CPU
		{DE29CBE8-64BD-4A7D-81E8-5388ACB95F6A}.Release|Any CPU.ActiveCfg = Release|Any CPU
		{DE29CBE8-64BD-4A7D-81E8-5388ACB95F6A}.Release|Any CPU.Build.0 = Release|Any CPU
		{75CA1562-F172-48F7-8BBD-DC0D023D2C3E}.Debug|Any CPU.ActiveCfg = Debug|Any CPU
		{75CA1562-F172-48F7-8BBD-DC0D023D2C3E}.Debug|Any CPU.Build.0 = Debug|Any CPU
		{75CA1562-F172-48F7-8BBD-DC0D023D2C3E}.Release|Any CPU.ActiveCfg = Release|Any CPU
		{75CA1562-F172-48F7-8BBD-DC0D023D2C3E}.Release|Any CPU.Build.0 = Release|Any CPU
		{28F2DCC0-CC79-439C-8885-C96E216E24CF}.Debug|Any CPU.ActiveCfg = Debug|Any CPU
		{28F2DCC0-CC79-439C-8885-C96E216E24CF}.Debug|Any CPU.Build.0 = Debug|Any CPU
		{28F2DCC0-CC79-439C-8885-C96E216E24CF}.Release|Any CPU.ActiveCfg = Release|Any CPU
		{28F2DCC0-CC79-439C-8885-C96E216E24CF}.Release|Any CPU.Build.0 = Release|Any CPU
		{881789A6-AE83-4E4E-9904-2742B1D94593}.Debug|Any CPU.ActiveCfg = Debug|Any CPU
		{881789A6-AE83-4E4E-9904-2742B1D94593}.Debug|Any CPU.Build.0 = Debug|Any CPU
		{881789A6-AE83-4E4E-9904-2742B1D94593}.Release|Any CPU.ActiveCfg = Release|Any CPU
		{881789A6-AE83-4E4E-9904-2742B1D94593}.Release|Any CPU.Build.0 = Release|Any CPU
	EndGlobalSection
	GlobalSection(NestedProjects) = preSolution
		{55F67370-27C7-4688-9ACD-74C829CA9F2A} = {E9EF5D46-32F6-4656-93DB-04EF916A0619}
		{98F78C75-BB1E-49D5-B2DB-2638FC7C9D41} = {E9EF5D46-32F6-4656-93DB-04EF916A0619}
		{F30ED18D-9CB6-4138-9E7E-28E55140602D} = {E9EF5D46-32F6-4656-93DB-04EF916A0619}
		{DE29CBE8-64BD-4A7D-81E8-5388ACB95F6A} = {E9EF5D46-32F6-4656-93DB-04EF916A0619}
		{75CA1562-F172-48F7-8BBD-DC0D023D2C3E} = {E9EF5D46-32F6-4656-93DB-04EF916A0619}
		{28F2DCC0-CC79-439C-8885-C96E216E24CF} = {494EAB2B-4CF4-4B88-B85F-3F1E3B6E15A3}
		{881789A6-AE83-4E4E-9904-2742B1D94593} = {494EAB2B-4CF4-4B88-B85F-3F1E3B6E15A3}
	EndGlobalSection
EndGlobal
